
Microsoft Visual Studio Solution File, Format Version 12.00
# Visual Studio Version 17
VisualStudioVersion = 17.5.33516.290
MinimumVisualStudioVersion = 10.0.40219.1
Project("{FAE04EC0-301F-11D3-BF4B-00C04F79EFBC}") = "System_Gym", "System_Gym\System_Gym.csproj", "{C3DFB2ED-780A-4802-B549-B200E01E8A57}"
EndProject
Global
	GlobalSection(SolutionConfigurationPlatforms) = preSolution
		Debug|Any CPU = Debug|Any CPU
		Release|Any CPU = Release|Any CPU
	EndGlobalSection
	GlobalSection(ProjectConfigurationPlatforms) = postSolution
		{C3DFB2ED-780A-4802-B549-B200E01E8A57}.Debug|Any CPU.ActiveCfg = Debug|Any CPU
		{C3DFB2ED-780A-4802-B549-B200E01E8A57}.Debug|Any CPU.Build.0 = Debug|Any CPU
		{C3DFB2ED-780A-4802-B549-B200E01E8A57}.Release|Any CPU.ActiveCfg = Release|Any CPU
		{C3DFB2ED-780A-4802-B549-B200E01E8A57}.Release|Any CPU.Build.0 = Release|Any CPU
	EndGlobalSection
	GlobalSection(SolutionProperties) = preSolution
		HideSolutionNode = FALSE
	EndGlobalSection
	GlobalSection(ExtensibilityGlobals) = postSolution
		SolutionGuid = {36A22767-EB40-48ED-8F31-5A08F3EF62EF}
	EndGlobalSection
EndGlobal
